
Microsoft Visual Studio Solution File, Format Version 12.00
# Visual Studio Version 17
VisualStudioVersion = 17.12.35527.113 d17.12
MinimumVisualStudioVersion = 10.0.40219.1
Project("{FAE04EC0-301F-11D3-BF4B-00C04F79EFBC}") = "Practical.Web.API", "Practical.Web.API\Practical.Web.API.csproj", "{C6FE73DF-73EC-47BD-926E-53A2226D58FD}"
EndProject
Global
	GlobalSection(SolutionConfigurationPlatforms) = preSolution
		Debug|Any CPU = Debug|Any CPU
		Release|Any CPU = Release|Any CPU
	EndGlobalSection
	GlobalSection(ProjectConfigurationPlatforms) = postSolution
		{C6FE73DF-73EC-47BD-926E-53A2226D58FD}.Debug|Any CPU.ActiveCfg = Debug|Any CPU
		{C6FE73DF-73EC-47BD-926E-53A2226D58FD}.Debug|Any CPU.Build.0 = Debug|Any CPU
		{C6FE73DF-73EC-47BD-926E-53A2226D58FD}.Release|Any CPU.ActiveCfg = Release|Any CPU
		{C6FE73DF-73EC-47BD-926E-53A2226D58FD}.Release|Any CPU.Build.0 = Release|Any CPU
	EndGlobalSection
	GlobalSection(SolutionProperties) = preSolution
		HideSolutionNode = FALSE
	EndGlobalSection
EndGlobal
